
Microsoft Visual Studio Solution File, Format Version 12.00
# Visual Studio Version 16
VisualStudioVersion = 16.0.31829.152
MinimumVisualStudioVersion = 10.0.40219.1
Project("{FAE04EC0-301F-11D3-BF4B-00C04F79EFBC}") = "text", "text\text.csproj", "{55D1C3F3-D7C1-4567-AF7C-FFF820FD74EF}"
EndProject
Project("{FAE04EC0-301F-11D3-BF4B-00C04F79EFBC}") = "file", "file\file.csproj", "{6984B785-B87A-499E-B878-AEA04B79801D}"
EndProject
Global
	GlobalSection(SolutionConfigurationPlatforms) = preSolution
		Debug|Any CPU = Debug|Any CPU
		Release|Any CPU = Release|Any CPU
	EndGlobalSection
	GlobalSection(ProjectConfigurationPlatforms) = postSolution
		{55D1C3F3-D7C1-4567-AF7C-FFF820FD74EF}.Debug|Any CPU.ActiveCfg = Debug|Any CPU
		{55D1C3F3-D7C1-4567-AF7C-FFF820FD74EF}.Debug|Any CPU.Build.0 = Debug|Any CPU
		{55D1C3F3-D7C1-4567-AF7C-FFF820FD74EF}.Release|Any CPU.ActiveCfg = Release|Any CPU
		{55D1C3F3-D7C1-4567-AF7C-FFF820FD74EF}.Release|Any CPU.Build.0 = Release|Any CPU
		{6984B785-B87A-499E-B878-AEA04B79801D}.Debug|Any CPU.ActiveCfg = Debug|Any CPU
		{6984B785-B87A-499E-B878-AEA04B79801D}.Debug|Any CPU.Build.0 = Debug|Any CPU
		{6984B785-B87A-499E-B878-AEA04B79801D}.Release|Any CPU.ActiveCfg = Release|Any CPU
		{6984B785-B87A-499E-B878-AEA04B79801D}.Release|Any CPU.Build.0 = Release|Any CPU
	EndGlobalSection
	GlobalSection(SolutionProperties) = preSolution
		HideSolutionNode = FALSE
	EndGlobalSection
	GlobalSection(ExtensibilityGlobals) = postSolution
		SolutionGuid = {6C1B47FF-2272-4FF3-A4B3-652D98DF3A71}
	EndGlobalSection
EndGlobal
